
Microsoft Visual Studio Solution File, Format Version 12.00
# Visual Studio 2012
Project("{2150E333-8FDC-42A3-9474-1A3956D46DE8}") = "Solution Items", "Solution Items", "{A4F3A288-3078-443D-B82F-FB3ED2DB6509}"
	ProjectSection(SolutionItems) = preProject
		CompiledDomainModel.vsmdi = CompiledDomainModel.vsmdi
		Local.testsettings = Local.testsettings
		TraceAndTestImpact.testsettings = TraceAndTestImpact.testsettings
	EndProjectSection
EndProject
Project("{FAE04EC0-301F-11D3-BF4B-00C04F79EFBC}") = "CompiledDomainModel", "CompiledDomainModel\CompiledDomainModel.csproj", "{438805A5-EE12-43FD-8F11-8C55F8E0B3A7}"
EndProject
Project("{FAE04EC0-301F-11D3-BF4B-00C04F79EFBC}") = "CompiledDomainModel.Demo.FeedReader", "CompiledDomainModel.Demo.FeedReader\CompiledDomainModel.Demo.FeedReader.csproj", "{90093ACE-5CB7-4186-96FD-B4CAE84F7B62}"
EndProject
Project("{FAE04EC0-301F-11D3-BF4B-00C04F79EFBC}") = "CompiledDomainModel.Demo.SLFeedReader", "CompiledDomainModel.Demo.SLFeedReader\CompiledDomainModel.Demo.SLFeedReader.csproj", "{69DE71E9-81FE-4D8B-9423-DD468C7EC93D}"
EndProject
Project("{FAE04EC0-301F-11D3-BF4B-00C04F79EFBC}") = "CompiledDomainModel.Tests", "CompiledDomainModel.Tests\CompiledDomainModel.Tests.csproj", "{1D51CF07-6CBB-4285-954A-D6AD15A59000}"
EndProject
Global
	GlobalSection(TestCaseManagementSettings) = postSolution
		CategoryFile = CompiledDomainModel.vsmdi
	EndGlobalSection
	GlobalSection(SolutionConfigurationPlatforms) = preSolution
		Debug|Any CPU = Debug|Any CPU
		Release|Any CPU = Release|Any CPU
	EndGlobalSection
	GlobalSection(ProjectConfigurationPlatforms) = postSolution
		{438805A5-EE12-43FD-8F11-8C55F8E0B3A7}.Debug|Any CPU.ActiveCfg = Debug|Any CPU
		{438805A5-EE12-43FD-8F11-8C55F8E0B3A7}.Debug|Any CPU.Build.0 = Debug|Any CPU
		{438805A5-EE12-43FD-8F11-8C55F8E0B3A7}.Release|Any CPU.ActiveCfg = Release|Any CPU
		{438805A5-EE12-43FD-8F11-8C55F8E0B3A7}.Release|Any CPU.Build.0 = Release|Any CPU
		{90093ACE-5CB7-4186-96FD-B4CAE84F7B62}.Debug|Any CPU.ActiveCfg = Debug|Any CPU
		{90093ACE-5CB7-4186-96FD-B4CAE84F7B62}.Debug|Any CPU.Build.0 = Debug|Any CPU
		{90093ACE-5CB7-4186-96FD-B4CAE84F7B62}.Release|Any CPU.ActiveCfg = Release|Any CPU
		{90093ACE-5CB7-4186-96FD-B4CAE84F7B62}.Release|Any CPU.Build.0 = Release|Any CPU
		{69DE71E9-81FE-4D8B-9423-DD468C7EC93D}.Debug|Any CPU.ActiveCfg = Debug|Any CPU
		{69DE71E9-81FE-4D8B-9423-DD468C7EC93D}.Debug|Any CPU.Build.0 = Debug|Any CPU
		{69DE71E9-81FE-4D8B-9423-DD468C7EC93D}.Release|Any CPU.ActiveCfg = Release|Any CPU
		{69DE71E9-81FE-4D8B-9423-DD468C7EC93D}.Release|Any CPU.Build.0 = Release|Any CPU
		{1D51CF07-6CBB-4285-954A-D6AD15A59000}.Debug|Any CPU.ActiveCfg = Debug|Any CPU
		{1D51CF07-6CBB-4285-954A-D6AD15A59000}.Debug|Any CPU.Build.0 = Debug|Any CPU
		{1D51CF07-6CBB-4285-954A-D6AD15A59000}.Release|Any CPU.ActiveCfg = Release|Any CPU
		{1D51CF07-6CBB-4285-954A-D6AD15A59000}.Release|Any CPU.Build.0 = Release|Any CPU
	EndGlobalSection
	GlobalSection(SolutionProperties) = preSolution
		HideSolutionNode = FALSE
	EndGlobalSection
EndGlobal
